{
    "_readme": [
        "This file locks the dependencies of your project to a known state",
        "Read more about it at https://getcomposer.org/doc/01-basic-usage.md#installing-dependencies",
        "This file is @generated automatically"
    ],
    "content-hash": "0ebf67005b8ae4a03083b3e718790322",
    "packages": [
        {
            "name": "alchemy/zippy",
            "version": "dev-master",
            "source": {
                "type": "git",
                "url": "https://github.com/alchemy-fr/Zippy.git",
                "reference": "915d604f9e45f757638d06af886cf068acce98c0"
            },
            "dist": {
                "type": "zip",
                "url": "https://api.github.com/repos/alchemy-fr/Zippy/zipball/915d604f9e45f757638d06af886cf068acce98c0",
                "reference": "915d604f9e45f757638d06af886cf068acce98c0",
                "shasum": ""
            },
            "require": {
                "doctrine/collections": "~1.0",
                "php": ">=7.1",
                "symfony/filesystem": "^2.0.5 || ^3.0 || ^4.0 || ^5.0",
                "symfony/polyfill-mbstring": "^1.3",
                "symfony/process": "^3.4 || ^4.0 || ^5.0"
            },
            "require-dev": {
                "ext-zip": "*",
                "guzzle/guzzle": "~3.0",
                "guzzlehttp/guzzle": "^6.0",
                "phpunit/phpunit": "^7.0",
                "symfony/finder": "^2.0.5 || ^3.0 || ^4.0 || ^5.0"
            },
            "suggest": {
                "ext-zip": "To use the ZipExtensionAdapter",
                "guzzle/guzzle": "To use the GuzzleTeleporter with Guzzle 3",
                "guzzlehttp/guzzle": "To use the GuzzleTeleporter with Guzzle 6"
            },
            "default-branch": true,
            "type": "library",
            "extra": {
                "branch-alias": {
                    "dev-master": "0.4.x-dev"
                }
            },
            "autoload": {
                "psr-4": {
                    "Alchemy\\Zippy\\": "src/"
                }
            },
            "notification-url": "https://packagist.org/downloads/",
            "license": [
                "MIT"
            ],
            "authors": [
                {
                    "name": "Alchemy",
                    "email": "dev.team@alchemy.fr",
                    "homepage": "http://www.alchemy.fr/"
                }
            ],
            "description": "Zippy, the archive manager companion",
            "keywords": [
                "bzip",
                "compression",
                "tar",
                "zip"
            ],
            "support": {
                "issues": "https://github.com/alchemy-fr/Zippy/issues",
                "source": "https://github.com/alchemy-fr/Zippy/tree/1.0.0"
            },
            "time": "2021-04-13T14:13:44+00:00"
        },
        {
            "name": "doctrine/collections",
            "version": "1.7.x-dev",
            "source": {
                "type": "git",
                "url": "https://github.com/doctrine/collections.git",
                "reference": "5b8af50f9b830295e45075f878fe8fa1092dcd7b"
            },
            "dist": {
                "type": "zip",
                "url": "https://api.github.com/repos/doctrine/collections/zipball/5b8af50f9b830295e45075f878fe8fa1092dcd7b",
                "reference": "5b8af50f9b830295e45075f878fe8fa1092dcd7b",
                "shasum": ""
            },
            "require": {
                "php": "^7.1.3 || ^8.0"
            },
            "require-dev": {
                "doctrine/coding-standard": "^9.0",
                "phpstan/phpstan": "^0.12",
                "phpunit/phpunit": "^7.5 || ^8.5 || ^9.1.5",
                "vimeo/psalm": "^4.2.1"
            },
            "type": "library",
            "autoload": {
                "psr-4": {
                    "Doctrine\\Common\\Collections\\": "lib/Doctrine/Common/Collections"
                }
            },
            "notification-url": "https://packagist.org/downloads/",
            "license": [
                "MIT"
            ],
            "authors": [
                {
                    "name": "Guilherme Blanco",
                    "email": "guilhermeblanco@gmail.com"
                },
                {
                    "name": "Roman Borschel",
                    "email": "roman@code-factory.org"
                },
                {
                    "name": "Benjamin Eberlei",
                    "email": "kontakt@beberlei.de"
                },
                {
                    "name": "Jonathan Wage",
                    "email": "jonwage@gmail.com"
                },
                {
                    "name": "Johannes Schmitt",
                    "email": "schmittjoh@gmail.com"
                }
            ],
            "description": "PHP Doctrine Collections library that adds additional functionality on top of PHP arrays.",
            "homepage": "https://www.doctrine-project.org/projects/collections.html",
            "keywords": [
                "array",
                "collections",
                "iterators",
                "php"
            ],
            "support": {
                "issues": "https://github.com/doctrine/collections/issues",
                "source": "https://github.com/doctrine/collections/tree/1.7.x"
            },
            "time": "2021-08-11T08:07:00+00:00"
        },
        {
            "name": "phar-io/version",
            "version": "3.1.0",
            "source": {
                "type": "git",
                "url": "https://github.com/phar-io/version.git",
                "reference": "bae7c545bef187884426f042434e561ab1ddb182"
            },
            "dist": {
                "type": "zip",
                "url": "https://api.github.com/repos/phar-io/version/zipball/bae7c545bef187884426f042434e561ab1ddb182",
                "reference": "bae7c545bef187884426f042434e561ab1ddb182",
                "shasum": ""
            },
            "require": {
                "php": "^7.2 || ^8.0"
            },
            "type": "library",
            "autoload": {
                "classmap": [
                    "src/"
                ]
            },
            "notification-url": "https://packagist.org/downloads/",
            "license": [
                "BSD-3-Clause"
            ],
            "authors": [
                {
                    "name": "Arne Blankerts",
                    "email": "arne@blankerts.de",
                    "role": "Developer"
                },
                {
                    "name": "Sebastian Heuer",
                    "email": "sebastian@phpeople.de",
                    "role": "Developer"
                },
                {
                    "name": "Sebastian Bergmann",
                    "email": "sebastian@phpunit.de",
                    "role": "Developer"
                }
            ],
            "description": "Library for handling version information and constraints",
            "support": {
                "issues": "https://github.com/phar-io/version/issues",
                "source": "https://github.com/phar-io/version/tree/3.1.0"
            },
            "time": "2021-02-23T14:00:09+00:00"
        },
        {
            "name": "symfony/filesystem",
            "version": "5.4.x-dev",
            "source": {
                "type": "git",
                "url": "https://github.com/symfony/filesystem.git",
                "reference": "d5ca5f7080a759dcb65300a55d5ee42f1ee7ef59"
            },
            "dist": {
                "type": "zip",
                "url": "https://api.github.com/repos/symfony/filesystem/zipball/d5ca5f7080a759dcb65300a55d5ee42f1ee7ef59",
                "reference": "d5ca5f7080a759dcb65300a55d5ee42f1ee7ef59",
                "shasum": ""
            },
            "require": {
                "php": ">=7.2.5",
                "symfony/polyfill-ctype": "~1.8",
                "symfony/polyfill-mbstring": "~1.8",
                "symfony/polyfill-php80": "^1.16"
            },
            "type": "library",
            "autoload": {
                "psr-4": {
                    "Symfony\\Component\\Filesystem\\": ""
                },
                "exclude-from-classmap": [
                    "/Tests/"
                ]
            },
            "notification-url": "https://packagist.org/downloads/",
            "license": [
                "MIT"
            ],
            "authors": [
                {
                    "name": "Fabien Potencier",
                    "email": "fabien@symfony.com"
                },
                {
                    "name": "Symfony Community",
                    "homepage": "https://symfony.com/contributors"
                }
            ],
            "description": "Provides basic utilities for the filesystem",
            "homepage": "https://symfony.com",
            "support": {
                "source": "https://github.com/symfony/filesystem/tree/5.4"
            },
            "funding": [
                {
                    "url": "https://symfony.com/sponsor",
                    "type": "custom"
                },
                {
                    "url": "https://github.com/fabpot",
                    "type": "github"
                },
                {
                    "url": "https://tidelift.com/funding/github/packagist/symfony/symfony",
                    "type": "tidelift"
                }
            ],
            "time": "2021-08-13T13:17:20+00:00"
        },
        {
            "name": "symfony/polyfill-ctype",
            "version": "dev-main",
            "source": {
                "type": "git",
                "url": "https://github.com/symfony/polyfill-ctype.git",
                "reference": "46cd95797e9df938fdd2b03693b5fca5e64b01ce"
            },
            "dist": {
                "type": "zip",
                "url": "https://api.github.com/repos/symfony/polyfill-ctype/zipball/46cd95797e9df938fdd2b03693b5fca5e64b01ce",
                "reference": "46cd95797e9df938fdd2b03693b5fca5e64b01ce",
                "shasum": ""
            },
            "require": {
                "php": ">=7.1"
            },
            "suggest": {
                "ext-ctype": "For best performance"
            },
            "default-branch": true,
            "type": "library",
            "extra": {
                "branch-alias": {
                    "dev-main": "1.23-dev"
                },
                "thanks": {
                    "name": "symfony/polyfill",
                    "url": "https://github.com/symfony/polyfill"
                }
            },
            "autoload": {
                "psr-4": {
                    "Symfony\\Polyfill\\Ctype\\": ""
                },
                "files": [
                    "bootstrap.php"
                ]
            },
            "notification-url": "https://packagist.org/downloads/",
            "license": [
                "MIT"
            ],
            "authors": [
                {
                    "name": "Gert de Pagter",
                    "email": "BackEndTea@gmail.com"
                },
                {
                    "name": "Symfony Community",
                    "homepage": "https://symfony.com/contributors"
                }
            ],
            "description": "Symfony polyfill for ctype functions",
            "homepage": "https://symfony.com",
            "keywords": [
                "compatibility",
                "ctype",
                "polyfill",
                "portable"
            ],
            "support": {
                "source": "https://github.com/symfony/polyfill-ctype/tree/v1.23.0"
            },
            "funding": [
                {
                    "url": "https://symfony.com/sponsor",
                    "type": "custom"
                },
                {
                    "url": "https://github.com/fabpot",
                    "type": "github"
                },
                {
                    "url": "https://tidelift.com/funding/github/packagist/symfony/symfony",
                    "type": "tidelift"
                }
            ],
            "time": "2021-02-19T12:13:01+00:00"
        },
        {
            "name": "symfony/polyfill-mbstring",
            "version": "dev-main",
            "source": {
                "type": "git",
                "url": "https://github.com/symfony/polyfill-mbstring.git",
                "reference": "9174a3d80210dca8daa7f31fec659150bbeabfc6"
            },
            "dist": {
                "type": "zip",
                "url": "https://api.github.com/repos/symfony/polyfill-mbstring/zipball/9174a3d80210dca8daa7f31fec659150bbeabfc6",
                "reference": "9174a3d80210dca8daa7f31fec659150bbeabfc6",
                "shasum": ""
            },
            "require": {
                "php": ">=7.1"
            },
            "suggest": {
                "ext-mbstring": "For best performance"
            },
            "default-branch": true,
            "type": "library",
            "extra": {
                "branch-alias": {
                    "dev-main": "1.23-dev"
                },
                "thanks": {
                    "name": "symfony/polyfill",
                    "url": "https://github.com/symfony/polyfill"
                }
            },
            "autoload": {
                "psr-4": {
                    "Symfony\\Polyfill\\Mbstring\\": ""
                },
                "files": [
                    "bootstrap.php"
                ]
            },
            "notification-url": "https://packagist.org/downloads/",
            "license": [
                "MIT"
            ],
            "authors": [
                {
                    "name": "Nicolas Grekas",
                    "email": "p@tchwork.com"
                },
                {
                    "name": "Symfony Community",
                    "homepage": "https://symfony.com/contributors"
                }
            ],
            "description": "Symfony polyfill for the Mbstring extension",
            "homepage": "https://symfony.com",
            "keywords": [
                "compatibility",
                "mbstring",
                "polyfill",
                "portable",
                "shim"
            ],
            "support": {
                "source": "https://github.com/symfony/polyfill-mbstring/tree/v1.23.1"
            },
            "funding": [
                {
                    "url": "https://symfony.com/sponsor",
                    "type": "custom"
                },
                {
                    "url": "https://github.com/fabpot",
                    "type": "github"
                },
                {
                    "url": "https://tidelift.com/funding/github/packagist/symfony/symfony",
                    "type": "tidelift"
                }
            ],
            "time": "2021-05-27T12:26:48+00:00"
        },
        {
            "name": "symfony/polyfill-php80",
            "version": "dev-main",
            "source": {
                "type": "git",
                "url": "https://github.com/symfony/polyfill-php80.git",
                "reference": "1100343ed1a92e3a38f9ae122fc0eb21602547be"
            },
            "dist": {
                "type": "zip",
                "url": "https://api.github.com/repos/symfony/polyfill-php80/zipball/1100343ed1a92e3a38f9ae122fc0eb21602547be",
                "reference": "1100343ed1a92e3a38f9ae122fc0eb21602547be",
                "shasum": ""
            },
            "require": {
                "php": ">=7.1"
            },
            "default-branch": true,
            "type": "library",
            "extra": {
                "branch-alias": {
                    "dev-main": "1.23-dev"
                },
                "thanks": {
                    "name": "symfony/polyfill",
                    "url": "https://github.com/symfony/polyfill"
                }
            },
            "autoload": {
                "psr-4": {
                    "Symfony\\Polyfill\\Php80\\": ""
                },
                "files": [
                    "bootstrap.php"
                ],
                "classmap": [
                    "Resources/stubs"
                ]
            },
            "notification-url": "https://packagist.org/downloads/",
            "license": [
                "MIT"
            ],
            "authors": [
                {
                    "name": "Ion Bazan",
                    "email": "ion.bazan@gmail.com"
                },
                {
                    "name": "Nicolas Grekas",
                    "email": "p@tchwork.com"
                },
                {
                    "name": "Symfony Community",
                    "homepage": "https://symfony.com/contributors"
                }
            ],
            "description": "Symfony polyfill backporting some PHP 8.0+ features to lower PHP versions",
            "homepage": "https://symfony.com",
            "keywords": [
                "compatibility",
                "polyfill",
                "portable",
                "shim"
            ],
            "support": {
                "source": "https://github.com/symfony/polyfill-php80/tree/v1.23.1"
            },
            "funding": [
                {
                    "url": "https://symfony.com/sponsor",
                    "type": "custom"
                },
                {
                    "url": "https://github.com/fabpot",
                    "type": "github"
                },
                {
                    "url": "https://tidelift.com/funding/github/packagist/symfony/symfony",
                    "type": "tidelift"
                }
            ],
            "time": "2021-07-28T13:41:28+00:00"
        },
        {
            "name": "symfony/process",
            "version": "5.4.x-dev",
            "source": {
                "type": "git",
                "url": "https://github.com/symfony/process.git",
                "reference": "38f26c7d6ed535217ea393e05634cb0b244a1967"
            },
            "dist": {
                "type": "zip",
                "url": "https://api.github.com/repos/symfony/process/zipball/38f26c7d6ed535217ea393e05634cb0b244a1967",
                "reference": "38f26c7d6ed535217ea393e05634cb0b244a1967",
                "shasum": ""
            },
            "require": {
                "php": ">=7.2.5",
                "symfony/polyfill-php80": "^1.16"
            },
            "type": "library",
            "autoload": {
                "psr-4": {
                    "Symfony\\Component\\Process\\": ""
                },
                {
                    "url": "https://github.com/fabpot",
                    "type": "github"
                },
                {
                    "url": "https://tidelift.com/funding/github/packagist/symfony/symfony",
                    "type": "tidelift"
                }
            ],
            "description": "Executes commands in sub-processes",
            "homepage": "https://symfony.com",
            "support": {
                "source": "https://github.com/symfony/process/tree/5.3"
            },
            "funding": [
                {
                    "url": "https://symfony.com/sponsor",
                    "type": "custom"
                },
                {
                    "url": "https://github.com/fabpot",
                    "type": "github"
                },
                {
                    "url": "https://tidelift.com/funding/github/packagist/symfony/symfony",
                    "type": "tidelift"
                }
            ],
            "time": "2021-08-04T21:20:46+00:00"
        },
        {
            "name": "symfony/yaml",
            "version": "v3.4.4",
            "source": {
                "type": "git",
                "url": "https://github.com/symfony/yaml.git",
                "reference": "eab73b6c21d27ae4cd037c417618dfd4befb0bfe"
            },
            "dist": {
                "type": "zip",
                "url": "https://api.github.com/repos/symfony/yaml/zipball/eab73b6c21d27ae4cd037c417618dfd4befb0bfe",
                "reference": "eab73b6c21d27ae4cd037c417618dfd4befb0bfe",
                "shasum": ""
            },
            "require": {
                "php": "^5.5.9|>=7.0.8"
            },
            "conflict": {
                "symfony/console": "<3.4"
            },
            "require-dev": {
                "symfony/console": "~3.4|~4.0"
            },
            "suggest": {
                "symfony/console": "For validating YAML files using the lint command"
            },
            "type": "library",
            "extra": {
                "branch-alias": {
                    "dev-master": "3.4-dev"
                }
            },
            "autoload": {
                "psr-4": {
                    "Symfony\\Component\\Yaml\\": ""
                },
                {
                    "url": "https://github.com/fabpot",
                    "type": "github"
                },
                {
                    "url": "https://tidelift.com/funding/github/packagist/symfony/symfony",
                    "type": "tidelift"
                }
            ],
            "description": "Symfony Yaml Component",
            "homepage": "https://symfony.com",
            "support": {
                "source": "https://github.com/symfony/yaml/tree/3.4"
            },
            "time": "2018-01-21T19:05:02+00:00"
        }
    ],
    "packages-dev": [
        {
            "name": "mustache/mustache",
            "version": "v2.13.0",
            "source": {
                "type": "git",
                "url": "https://github.com/bobthecow/mustache.php.git",
                "reference": "e95c5a008c23d3151d59ea72484d4f72049ab7f4"
            },
            "dist": {
                "type": "zip",
                "url": "https://api.github.com/repos/bobthecow/mustache.php/zipball/e95c5a008c23d3151d59ea72484d4f72049ab7f4",
                "reference": "e95c5a008c23d3151d59ea72484d4f72049ab7f4",
                "shasum": ""
            },
            "require": {
                "php": ">=5.2.4"
            },
            "conflict": {
                "symfony/console": "<3.4"
            },
            "require-dev": {
                "friendsofphp/php-cs-fixer": "~1.11",
                "phpunit/phpunit": "~3.7|~4.0|~5.0"
            },
            "type": "library",
            "autoload": {
                "psr-0": {
                    "Mustache": "src/"
                }
            },
            "notification-url": "https://packagist.org/downloads/",
            "license": [
                "MIT"
            ],
            "authors": [
                {
                    "name": "Justin Hileman",
                    "email": "justin@justinhileman.info",
                    "homepage": "http://justinhileman.com"
                }
            ],
            "description": "A Mustache implementation in PHP.",
            "homepage": "https://github.com/bobthecow/mustache.php",
            "keywords": [
                "mustache",
                "templating"
            ],
            "support": {
                "issues": "https://github.com/bobthecow/mustache.php/issues",
                "source": "https://github.com/bobthecow/mustache.php/tree/master"
            },
            "time": "2019-11-23T21:40:31+00:00"
        },
        {
            "name": "rmccue/requests",
            "version": "v1.8.1",
            "source": {
                "type": "git",
                "url": "https://github.com/WordPress/Requests.git",
                "reference": "82e6936366eac3af4d836c18b9d8c31028fe4cd5"
            },
            "dist": {
                "type": "zip",
                "url": "https://api.github.com/repos/WordPress/Requests/zipball/82e6936366eac3af4d836c18b9d8c31028fe4cd5",
                "reference": "82e6936366eac3af4d836c18b9d8c31028fe4cd5",
                "shasum": ""
            },
            "require": {
                "php": ">=5.2"
            },
            "require-dev": {
                "dealerdirect/phpcodesniffer-composer-installer": "^0.7",
                "php-parallel-lint/php-console-highlighter": "^0.5.0",
                "php-parallel-lint/php-parallel-lint": "^1.3",
                "phpcompatibility/php-compatibility": "^9.0",
                "phpunit/phpunit": "^4.8 || ^5.7 || ^6.5 || ^7.5",
                "requests/test-server": "dev-master",
                "squizlabs/php_codesniffer": "^3.5",
                "wp-coding-standards/wpcs": "^2.0"
            },
            "type": "library",
            "autoload": {
                "psr-0": {
                    "Requests": "library/"
                }
            },
            "notification-url": "https://packagist.org/downloads/",
            "license": [
                "ISC"
            ],
            "authors": [
                {
                    "name": "Ryan McCue",
                    "homepage": "http://ryanmccue.info"
                }
            ],
            "description": "A HTTP library written in PHP, for human beings.",
            "homepage": "http://github.com/WordPress/Requests",
            "keywords": [
                "curl",
                "fsockopen",
                "http",
                "idna",
                "ipv6",
                "iri",
                "sockets"
            ],
            "support": {
                "issues": "https://github.com/WordPress/Requests/issues",
                "source": "https://github.com/WordPress/Requests/tree/v1.8.1"
            },
            "time": "2021-06-04T09:56:25+00:00"
        },
        {
            "name": "symfony/finder",
            "version": "5.3.x-dev",
            "source": {
                "type": "git",
                "url": "https://github.com/symfony/finder.git",
                "reference": "a10000ada1e600d109a6c7632e9ac42e8bf2fb93"
            },
            "dist": {
                "type": "zip",
                "url": "https://api.github.com/repos/symfony/finder/zipball/a10000ada1e600d109a6c7632e9ac42e8bf2fb93",
                "reference": "a10000ada1e600d109a6c7632e9ac42e8bf2fb93",
                "shasum": ""
            },
            "require": {
                "php": ">=7.2.5",
                "symfony/polyfill-php80": "^1.16"
            },
            "default-branch": true,
            "type": "library",
            "autoload": {
                "psr-4": {
                    "Symfony\\Component\\Finder\\": ""
                },
                "exclude-from-classmap": [
                    "/Tests/"
                ]
            },
            "notification-url": "https://packagist.org/downloads/",
            "license": [
                "MIT"
            ],
            "authors": [
                {
                    "name": "Justin Hileman",
                    "email": "justin@justinhileman.info",
                    "homepage": "http://justinhileman.com"
                }
            ],
            "description": "Finds files and directories via an intuitive fluent interface",
            "homepage": "https://symfony.com",
            "support": {
                "source": "https://github.com/symfony/finder/tree/5.3"
            },
            "funding": [
                {
                    "url": "https://symfony.com/sponsor",
                    "type": "custom"
                },
                {
                    "url": "https://github.com/fabpot",
                    "type": "github"
                },
                {
                    "url": "https://tidelift.com/funding/github/packagist/symfony/symfony",
                    "type": "tidelift"
                }
            ],
            "time": "2021-08-04T21:20:46+00:00"
        },
        {
            "name": "wp-cli/mustangostang-spyc",
            "version": "0.6.3",
            "source": {
                "type": "git",
                "url": "https://github.com/wp-cli/spyc.git",
                "reference": "6aa0b4da69ce9e9a2c8402dab8d43cf32c581cc7"
            },
            "dist": {
                "type": "zip",
                "url": "https://api.github.com/repos/wp-cli/spyc/zipball/6aa0b4da69ce9e9a2c8402dab8d43cf32c581cc7",
                "reference": "6aa0b4da69ce9e9a2c8402dab8d43cf32c581cc7",
                "shasum": ""
            },
            "require": {
                "php": ">=5.3.1"
            },
            "require-dev": {
                "phpunit/phpunit": "4.3.*@dev"
            },
            "type": "library",
            "extra": {
                "branch-alias": {
                    "dev-master": "0.5.x-dev"
                }
            },
            "autoload": {
                "psr-4": {
                    "Mustangostang\\": "src/"
                },
                "files": [
                    "includes/functions.php"
                ]
            },
            "notification-url": "https://packagist.org/downloads/",
            "license": [
                "MIT"
            ],
            "authors": [
                {
                    "name": "mustangostang",
                    "email": "vlad.andersen@gmail.com"
                }
            ],
            "description": "A simple YAML loader/dumper class for PHP (WP-CLI fork)",
            "homepage": "https://github.com/mustangostang/spyc/",
            "support": {
                "source": "https://github.com/wp-cli/spyc/tree/autoload"
            },
            "time": "2017-04-25T11:26:20+00:00"
        },
        {
            "name": "wp-cli/php-cli-tools",
            "version": "v0.11.13",
            "source": {
                "type": "git",
                "url": "https://github.com/wp-cli/php-cli-tools.git",
                "reference": "a2866855ac1abc53005c102e901553ad5772dc04"
            },
            "dist": {
                "type": "zip",
                "url": "https://api.github.com/repos/wp-cli/php-cli-tools/zipball/a2866855ac1abc53005c102e901553ad5772dc04",
                "reference": "a2866855ac1abc53005c102e901553ad5772dc04",
                "shasum": ""
            },
            "require": {
                "php": ">= 5.3.0"
            },
            "type": "library",
            "autoload": {
                "psr-0": {
                    "cli": "lib/"
                },
                "files": [
                    "lib/cli/cli.php"
                ]
            },
            "notification-url": "https://packagist.org/downloads/",
            "license": [
                "MIT"
            ],
            "authors": [
                {
                    "name": "Daniel Bachhuber",
                    "email": "daniel@handbuilt.co",
                    "role": "Maintainer"
                },
                {
                    "name": "James Logsdon",
                    "email": "jlogsdon@php.net",
                    "role": "Developer"
                }
            ],
            "description": "Console utilities for PHP",
            "homepage": "http://github.com/wp-cli/php-cli-tools",
            "keywords": [
                "cli",
                "console"
            ],
            "support": {
                "issues": "https://github.com/wp-cli/php-cli-tools/issues",
                "source": "https://github.com/wp-cli/php-cli-tools/tree/v0.11.13"
            },
            "time": "2021-07-01T15:08:16+00:00"
        },
        {
            "name": "wp-cli/wp-cli",
            "version": "dev-master",
            "source": {
                "type": "git",
                "url": "https://github.com/wp-cli/wp-cli.git",
                "reference": "c4aba2085554e8872c0fb78ba25e7cf8d337e24a"
            },
            "dist": {
                "type": "zip",
                "url": "https://api.github.com/repos/wp-cli/wp-cli/zipball/c4aba2085554e8872c0fb78ba25e7cf8d337e24a",
                "reference": "c4aba2085554e8872c0fb78ba25e7cf8d337e24a",
                "shasum": ""
            },
            "require": {
                "ext-curl": "*",
                "mustache/mustache": "~2.13",
                "php": "^5.6 || ^7.0 || ^8.0",
                "rmccue/requests": "^1.8",
                "symfony/finder": ">2.7",
                "wp-cli/mustangostang-spyc": "^0.6.3",
                "wp-cli/php-cli-tools": "~0.11.2"
            },
            "require-dev": {
                "roave/security-advisories": "dev-master",
                "wp-cli/db-command": "^1.3 || ^2",
                "wp-cli/entity-command": "^1.2 || ^2",
                "wp-cli/extension-command": "^1.1 || ^2",
                "wp-cli/package-command": "^1 || ^2",
                "wp-cli/wp-cli-tests": "^3.0.7"
            },
            "suggest": {
                "ext-readline": "Include for a better --prompt implementation",
                "ext-zip": "Needed to support extraction of ZIP archives when doing downloads or updates"
            },
            "default-branch": true,
            "bin": [
                "bin/wp",
                "bin/wp.bat"
            ],
            "type": "library",
            "extra": {
                "branch-alias": {
                    "dev-master": "2.5.x-dev"
                }
            },
            "autoload": {
                "psr-0": {
                    "WP_CLI\\": "php/"
                },
                "classmap": [
                    "php/class-wp-cli.php",
                    "php/class-wp-cli-command.php"
                ]
            },
            "notification-url": "https://packagist.org/downloads/",
            "license": [
                "MIT"
            ],
            "description": "WP-CLI framework",
            "homepage": "https://wp-cli.org",
            "keywords": [
                "cli",
                "wordpress"
            ],
            "support": {
                "docs": "https://make.wordpress.org/cli/handbook/",
                "issues": "https://github.com/wp-cli/wp-cli/issues",
                "source": "https://github.com/wp-cli/wp-cli"
            },
            "time": "2021-08-12T15:46:55+00:00"
        }
    ],
    "aliases": [],
    "minimum-stability": "dev",
    "stability-flags": [],
    "prefer-stable": false,
    "prefer-lowest": false,
    "platform": [],
    "platform-dev": [],
    "plugin-api-version": "2.0.0"
}
